
Microsoft Visual Studio Solution File, Format Version 12.00
# Visual Studio Version 17
VisualStudioVersion = 17.2.32602.215
MinimumVisualStudioVersion = 10.0.40219.1
Project("{FAE04EC0-301F-11D3-BF4B-00C04F79EFBC}") = "Aula7", "Aula7\Aula7.csproj", "{27F4F6EA-8608-4E27-88A9-4F51CADC1BEA}"
EndProject
Project("{FAE04EC0-301F-11D3-BF4B-00C04F79EFBC}") = "Aula7.Api", "Aula7.Api\Aula7.Api.csproj", "{FCD3A99C-9E4D-47E0-B34D-51F593CF1832}"
EndProject
Global
	GlobalSection(SolutionConfigurationPlatforms) = preSolution
		Debug|Any CPU = Debug|Any CPU
		Release|Any CPU = Release|Any CPU
	EndGlobalSection
	GlobalSection(ProjectConfigurationPlatforms) = postSolution
		{27F4F6EA-8608-4E27-88A9-4F51CADC1BEA}.Debug|Any CPU.ActiveCfg = Debug|Any CPU
		{27F4F6EA-8608-4E27-88A9-4F51CADC1BEA}.Debug|Any CPU.Build.0 = Debug|Any CPU
		{27F4F6EA-8608-4E27-88A9-4F51CADC1BEA}.Release|Any CPU.ActiveCfg = Release|Any CPU
		{27F4F6EA-8608-4E27-88A9-4F51CADC1BEA}.Release|Any CPU.Build.0 = Release|Any CPU
		{FCD3A99C-9E4D-47E0-B34D-51F593CF1832}.Debug|Any CPU.ActiveCfg = Debug|Any CPU
		{FCD3A99C-9E4D-47E0-B34D-51F593CF1832}.Debug|Any CPU.Build.0 = Debug|Any CPU
		{FCD3A99C-9E4D-47E0-B34D-51F593CF1832}.Release|Any CPU.ActiveCfg = Release|Any CPU
		{FCD3A99C-9E4D-47E0-B34D-51F593CF1832}.Release|Any CPU.Build.0 = Release|Any CPU
	EndGlobalSection
	GlobalSection(SolutionProperties) = preSolution
		HideSolutionNode = FALSE
	EndGlobalSection
	GlobalSection(ExtensibilityGlobals) = postSolution
		SolutionGuid = {3B05DE56-4AF9-4757-92C3-288F13D38742}
	EndGlobalSection
EndGlobal
